
Microsoft Visual Studio Solution File, Format Version 12.00
# Visual Studio Version 17
VisualStudioVersion = 17.4.33403.182
MinimumVisualStudioVersion = 10.0.40219.1
Project("{9A19103F-16F7-4668-BE54-9A1E7A4F7556}") = "HomeWork1", "HomeWork1\HomeWork1.csproj", "{C354D7FD-A9C6-4F20-855D-A4DCFCD617E5}"
EndProject
Project("{2150E333-8FDC-42A3-9474-1A3956D46DE8}") = "Solution Items", "Solution Items", "{6104928C-4BB8-4765-96FB-625D82EC83F7}"
EndProject
Project("{9A19103F-16F7-4668-BE54-9A1E7A4F7556}") = "HomeWork3", "HomeWork3\HomeWork3.csproj", "{8D9CA9FF-02B3-45BB-8B51-0752038480D5}"
EndProject
Project("{9A19103F-16F7-4668-BE54-9A1E7A4F7556}") = "HomeWork4", "HomeWork4\HomeWork4.csproj", "{A7CC01C6-B3F3-4E85-B731-8202B7FC4672}"
EndProject
Project("{FAE04EC0-301F-11D3-BF4B-00C04F79EFBC}") = "HomeWork5", "HomeWork5\HomeWork5.csproj", "{369303C6-B4BD-4567-B4AD-727AD42B9F28}"
EndProject
Global
	GlobalSection(SolutionConfigurationPlatforms) = preSolution
		Debug|Any CPU = Debug|Any CPU
		Release|Any CPU = Release|Any CPU
	EndGlobalSection
	GlobalSection(ProjectConfigurationPlatforms) = postSolution
		{C354D7FD-A9C6-4F20-855D-A4DCFCD617E5}.Debug|Any CPU.ActiveCfg = Debug|Any CPU
		{C354D7FD-A9C6-4F20-855D-A4DCFCD617E5}.Debug|Any CPU.Build.0 = Debug|Any CPU
		{C354D7FD-A9C6-4F20-855D-A4DCFCD617E5}.Release|Any CPU.ActiveCfg = Release|Any CPU
		{C354D7FD-A9C6-4F20-855D-A4DCFCD617E5}.Release|Any CPU.Build.0 = Release|Any CPU
		{8D9CA9FF-02B3-45BB-8B51-0752038480D5}.Debug|Any CPU.ActiveCfg = Debug|Any CPU
		{8D9CA9FF-02B3-45BB-8B51-0752038480D5}.Debug|Any CPU.Build.0 = Debug|Any CPU
		{8D9CA9FF-02B3-45BB-8B51-0752038480D5}.Release|Any CPU.ActiveCfg = Release|Any CPU
		{8D9CA9FF-02B3-45BB-8B51-0752038480D5}.Release|Any CPU.Build.0 = Release|Any CPU
		{A7CC01C6-B3F3-4E85-B731-8202B7FC4672}.Debug|Any CPU.ActiveCfg = Debug|Any CPU
		{A7CC01C6-B3F3-4E85-B731-8202B7FC4672}.Debug|Any CPU.Build.0 = Debug|Any CPU
		{A7CC01C6-B3F3-4E85-B731-8202B7FC4672}.Release|Any CPU.ActiveCfg = Release|Any CPU
		{A7CC01C6-B3F3-4E85-B731-8202B7FC4672}.Release|Any CPU.Build.0 = Release|Any CPU
		{369303C6-B4BD-4567-B4AD-727AD42B9F28}.Debug|Any CPU.ActiveCfg = Debug|Any CPU
		{369303C6-B4BD-4567-B4AD-727AD42B9F28}.Debug|Any CPU.Build.0 = Debug|Any CPU
		{369303C6-B4BD-4567-B4AD-727AD42B9F28}.Release|Any CPU.ActiveCfg = Release|Any CPU
		{369303C6-B4BD-4567-B4AD-727AD42B9F28}.Release|Any CPU.Build.0 = Release|Any CPU
	EndGlobalSection
	GlobalSection(SolutionProperties) = preSolution
		HideSolutionNode = FALSE
	EndGlobalSection
	GlobalSection(ExtensibilityGlobals) = postSolution
		SolutionGuid = {1233B383-FFBA-49CA-B54B-342CE5593230}
	EndGlobalSection
EndGlobal
