
Microsoft Visual Studio Solution File, Format Version 12.00
# Visual Studio Version 17
VisualStudioVersion = 17.4.33403.182
MinimumVisualStudioVersion = 10.0.40219.1
Project("{9A19103F-16F7-4668-BE54-9A1E7A4F7556}") = "Finance_Organizer", "Finance Organizer\Finance_Organizer.csproj", "{2D762C13-E63B-44CC-8820-C2C892983AE5}"
EndProject
Global
	GlobalSection(SolutionConfigurationPlatforms) = preSolution
		Debug|Any CPU = Debug|Any CPU
		Release|Any CPU = Release|Any CPU
	EndGlobalSection
	GlobalSection(ProjectConfigurationPlatforms) = postSolution
		{2D762C13-E63B-44CC-8820-C2C892983AE5}.Debug|Any CPU.ActiveCfg = Debug|Any CPU
		{2D762C13-E63B-44CC-8820-C2C892983AE5}.Debug|Any CPU.Build.0 = Debug|Any CPU
		{2D762C13-E63B-44CC-8820-C2C892983AE5}.Release|Any CPU.ActiveCfg = Release|Any CPU
		{2D762C13-E63B-44CC-8820-C2C892983AE5}.Release|Any CPU.Build.0 = Release|Any CPU
	EndGlobalSection
	GlobalSection(SolutionProperties) = preSolution
		HideSolutionNode = FALSE
	EndGlobalSection
	GlobalSection(ExtensibilityGlobals) = postSolution
		SolutionGuid = {1233B383-FFBA-49CA-B54B-342CE5593230}
	EndGlobalSection
EndGlobal
